
Microsoft Visual Studio Solution File, Format Version 12.00
# Visual Studio Version 17
VisualStudioVersion = 17.0.31903.59
MinimumVisualStudioVersion = 10.0.40219.1
Project("{FAE04EC0-301F-11D3-BF4B-00C04F79EFBC}") = "UnitTestConsoleApp", "UnitTestConsoleApp\UnitTestConsoleApp.csproj", "{89B88D1F-F0AD-436E-B473-0D8EB954D0D5}"
EndProject
Project("{FAE04EC0-301F-11D3-BF4B-00C04F79EFBC}") = "UnitTestConsoleApp.Tests", "UnitTestConsoleApp.Tests\UnitTestConsoleApp.Tests.csproj", "{CFD1BA18-44AA-4A8B-9458-1E2421F2E5EF}"
EndProject
Global
	GlobalSection(SolutionConfigurationPlatforms) = preSolution
		Debug|Any CPU = Debug|Any CPU
		Release|Any CPU = Release|Any CPU
	EndGlobalSection
	GlobalSection(SolutionProperties) = preSolution
		HideSolutionNode = FALSE
	EndGlobalSection
	GlobalSection(ProjectConfigurationPlatforms) = postSolution
		{89B88D1F-F0AD-436E-B473-0D8EB954D0D5}.Debug|Any CPU.ActiveCfg = Debug|Any CPU
		{89B88D1F-F0AD-436E-B473-0D8EB954D0D5}.Debug|Any CPU.Build.0 = Debug|Any CPU
		{89B88D1F-F0AD-436E-B473-0D8EB954D0D5}.Release|Any CPU.ActiveCfg = Release|Any CPU
		{89B88D1F-F0AD-436E-B473-0D8EB954D0D5}.Release|Any CPU.Build.0 = Release|Any CPU
		{CFD1BA18-44AA-4A8B-9458-1E2421F2E5EF}.Debug|Any CPU.ActiveCfg = Debug|Any CPU
		{CFD1BA18-44AA-4A8B-9458-1E2421F2E5EF}.Debug|Any CPU.Build.0 = Debug|Any CPU
		{CFD1BA18-44AA-4A8B-9458-1E2421F2E5EF}.Release|Any CPU.ActiveCfg = Release|Any CPU
		{CFD1BA18-44AA-4A8B-9458-1E2421F2E5EF}.Release|Any CPU.Build.0 = Release|Any CPU
	EndGlobalSection
EndGlobal
